
Microsoft Visual Studio Solution File, Format Version 12.00
# Visual Studio Version 17
VisualStudioVersion = 17.10.34928.147
MinimumVisualStudioVersion = 10.0.40219.1
Project("{2150E333-8FDC-42A3-9474-1A3956D46DE8}") = "src", "src", "{75C65218-611A-4095-9E55-7E6AFD562CE7}"
EndProject
Project("{2150E333-8FDC-42A3-9474-1A3956D46DE8}") = "DataAccessLayer", "DataAccessLayer", "{B5FCF49A-DF33-4768-999A-39816EBFBE23}"
EndProject
Project("{2150E333-8FDC-42A3-9474-1A3956D46DE8}") = "BusinessLogicLayer", "BusinessLogicLayer", "{DAD46AE7-0B50-403E-B15F-13D4F62DE2B8}"
EndProject
Project("{9A19103F-16F7-4668-BE54-9A1E7A4F7556}") = "Northwind.Bll", "Northwind.Bll\Northwind.Bll.csproj", "{667B2B4F-486A-4950-9855-5B112709A927}"
EndProject
Project("{2150E333-8FDC-42A3-9474-1A3956D46DE8}") = "Web", "Web", "{8138648A-AA99-4A0C-BA5C-E1A31634BE07}"
EndProject
Project("{9A19103F-16F7-4668-BE54-9A1E7A4F7556}") = "Northwind.Web", "Northwind.Web\Northwind.Web.csproj", "{32EB80F4-23B1-4A62-A0F2-5E20572968D0}"
EndProject
Project("{2150E333-8FDC-42A3-9474-1A3956D46DE8}") = "Shared", "Shared", "{4132C6BB-F702-4813-ADBE-81ABC8922D98}"
EndProject
Project("{9A19103F-16F7-4668-BE54-9A1E7A4F7556}") = "Northwind.Dal", "Northwind.Dal\Northwind.Dal.csproj", "{30A9C7C9-8EF4-40B6-8A85-90F4A7F7CB84}"
EndProject
Project("{9A19103F-16F7-4668-BE54-9A1E7A4F7556}") = "Northwind.Domain", "Northwind.Domain\Northwind.Domain.csproj", "{425BA78E-0428-4EC9-8551-769F7D0D7E77}"
EndProject
Project("{9A19103F-16F7-4668-BE54-9A1E7A4F7556}") = "Northwind.Logger", "Northwind.Logger\Northwind.Logger.csproj", "{F5B2113C-2CD3-4B5A-8559-4073FE48CDB2}"
EndProject
Project("{FAE04EC0-301F-11D3-BF4B-00C04F79EFBC}") = "Northwind.Utils", "Northwind.Utils\Northwind.Utils.csproj", "{D81A8840-657C-4141-9461-AFFB98A50C41}"
EndProject
Project("{2150E333-8FDC-42A3-9474-1A3956D46DE8}") = "test", "test", "{7BA94D12-B423-48E2-A78A-24FCFBD1ED91}"
EndProject
Project("{FAE04EC0-301F-11D3-BF4B-00C04F79EFBC}") = "Northwind.Tests", "Northwind.Tests\Northwind.Tests.csproj", "{587AA5A0-3ED1-4451-912A-378C77B806AA}"
EndProject
Global
	GlobalSection(SolutionConfigurationPlatforms) = preSolution
		Debug|Any CPU = Debug|Any CPU
		Release|Any CPU = Release|Any CPU
	EndGlobalSection
	GlobalSection(ProjectConfigurationPlatforms) = postSolution
		{667B2B4F-486A-4950-9855-5B112709A927}.Debug|Any CPU.ActiveCfg = Debug|Any CPU
		{667B2B4F-486A-4950-9855-5B112709A927}.Debug|Any CPU.Build.0 = Debug|Any CPU
		{667B2B4F-486A-4950-9855-5B112709A927}.Release|Any CPU.ActiveCfg = Release|Any CPU
		{667B2B4F-486A-4950-9855-5B112709A927}.Release|Any CPU.Build.0 = Release|Any CPU
		{32EB80F4-23B1-4A62-A0F2-5E20572968D0}.Debug|Any CPU.ActiveCfg = Debug|Any CPU
		{32EB80F4-23B1-4A62-A0F2-5E20572968D0}.Debug|Any CPU.Build.0 = Debug|Any CPU
		{32EB80F4-23B1-4A62-A0F2-5E20572968D0}.Release|Any CPU.ActiveCfg = Release|Any CPU
		{32EB80F4-23B1-4A62-A0F2-5E20572968D0}.Release|Any CPU.Build.0 = Release|Any CPU
		{30A9C7C9-8EF4-40B6-8A85-90F4A7F7CB84}.Debug|Any CPU.ActiveCfg = Debug|Any CPU
		{30A9C7C9-8EF4-40B6-8A85-90F4A7F7CB84}.Debug|Any CPU.Build.0 = Debug|Any CPU
		{30A9C7C9-8EF4-40B6-8A85-90F4A7F7CB84}.Release|Any CPU.ActiveCfg = Release|Any CPU
		{30A9C7C9-8EF4-40B6-8A85-90F4A7F7CB84}.Release|Any CPU.Build.0 = Release|Any CPU
		{425BA78E-0428-4EC9-8551-769F7D0D7E77}.Debug|Any CPU.ActiveCfg = Debug|Any CPU
		{425BA78E-0428-4EC9-8551-769F7D0D7E77}.Debug|Any CPU.Build.0 = Debug|Any CPU
		{425BA78E-0428-4EC9-8551-769F7D0D7E77}.Release|Any CPU.ActiveCfg = Release|Any CPU
		{425BA78E-0428-4EC9-8551-769F7D0D7E77}.Release|Any CPU.Build.0 = Release|Any CPU
		{F5B2113C-2CD3-4B5A-8559-4073FE48CDB2}.Debug|Any CPU.ActiveCfg = Debug|Any CPU
		{F5B2113C-2CD3-4B5A-8559-4073FE48CDB2}.Debug|Any CPU.Build.0 = Debug|Any CPU
		{F5B2113C-2CD3-4B5A-8559-4073FE48CDB2}.Release|Any CPU.ActiveCfg = Release|Any CPU
		{F5B2113C-2CD3-4B5A-8559-4073FE48CDB2}.Release|Any CPU.Build.0 = Release|Any CPU
		{D81A8840-657C-4141-9461-AFFB98A50C41}.Debug|Any CPU.ActiveCfg = Debug|Any CPU
		{D81A8840-657C-4141-9461-AFFB98A50C41}.Debug|Any CPU.Build.0 = Debug|Any CPU
		{D81A8840-657C-4141-9461-AFFB98A50C41}.Release|Any CPU.ActiveCfg = Release|Any CPU
		{D81A8840-657C-4141-9461-AFFB98A50C41}.Release|Any CPU.Build.0 = Release|Any CPU
		{587AA5A0-3ED1-4451-912A-378C77B806AA}.Debug|Any CPU.ActiveCfg = Debug|Any CPU
		{587AA5A0-3ED1-4451-912A-378C77B806AA}.Debug|Any CPU.Build.0 = Debug|Any CPU
		{587AA5A0-3ED1-4451-912A-378C77B806AA}.Release|Any CPU.ActiveCfg = Release|Any CPU
		{587AA5A0-3ED1-4451-912A-378C77B806AA}.Release|Any CPU.Build.0 = Release|Any CPU
	EndGlobalSection
	GlobalSection(SolutionProperties) = preSolution
		HideSolutionNode = FALSE
	EndGlobalSection
	GlobalSection(NestedProjects) = preSolution
		{B5FCF49A-DF33-4768-999A-39816EBFBE23} = {75C65218-611A-4095-9E55-7E6AFD562CE7}
		{DAD46AE7-0B50-403E-B15F-13D4F62DE2B8} = {75C65218-611A-4095-9E55-7E6AFD562CE7}
		{667B2B4F-486A-4950-9855-5B112709A927} = {DAD46AE7-0B50-403E-B15F-13D4F62DE2B8}
		{8138648A-AA99-4A0C-BA5C-E1A31634BE07} = {75C65218-611A-4095-9E55-7E6AFD562CE7}
		{32EB80F4-23B1-4A62-A0F2-5E20572968D0} = {8138648A-AA99-4A0C-BA5C-E1A31634BE07}
		{4132C6BB-F702-4813-ADBE-81ABC8922D98} = {75C65218-611A-4095-9E55-7E6AFD562CE7}
		{30A9C7C9-8EF4-40B6-8A85-90F4A7F7CB84} = {B5FCF49A-DF33-4768-999A-39816EBFBE23}
		{425BA78E-0428-4EC9-8551-769F7D0D7E77} = {B5FCF49A-DF33-4768-999A-39816EBFBE23}
		{F5B2113C-2CD3-4B5A-8559-4073FE48CDB2} = {4132C6BB-F702-4813-ADBE-81ABC8922D98}
		{D81A8840-657C-4141-9461-AFFB98A50C41} = {4132C6BB-F702-4813-ADBE-81ABC8922D98}
		{587AA5A0-3ED1-4451-912A-378C77B806AA} = {7BA94D12-B423-48E2-A78A-24FCFBD1ED91}
	EndGlobalSection
	GlobalSection(ExtensibilityGlobals) = postSolution
		SolutionGuid = {5A0B47A0-A222-4AC5-9B5D-7F0FA9C635AD}
	EndGlobalSection
EndGlobal
